
Microsoft Visual Studio Solution File, Format Version 12.00
# Visual Studio Version 16
VisualStudioVersion = 16.0.30320.27
MinimumVisualStudioVersion = 10.0.40219.1
Project("{FAE04EC0-301F-11D3-BF4B-00C04F79EFBC}") = "StressTestISO8583Server", "StressTestISO8583Server\StressTestISO8583Server.csproj", "{A3C257DD-20BE-4874-B533-D71363836220}"
EndProject
Global
	GlobalSection(SolutionConfigurationPlatforms) = preSolution
		Debug|Any CPU = Debug|Any CPU
		Release|Any CPU = Release|Any CPU
	EndGlobalSection
	GlobalSection(ProjectConfigurationPlatforms) = postSolution
		{A3C257DD-20BE-4874-B533-D71363836220}.Debug|Any CPU.ActiveCfg = Debug|Any CPU
		{A3C257DD-20BE-4874-B533-D71363836220}.Debug|Any CPU.Build.0 = Debug|Any CPU
		{A3C257DD-20BE-4874-B533-D71363836220}.Release|Any CPU.ActiveCfg = Release|Any CPU
		{A3C257DD-20BE-4874-B533-D71363836220}.Release|Any CPU.Build.0 = Release|Any CPU
	EndGlobalSection
	GlobalSection(SolutionProperties) = preSolution
		HideSolutionNode = FALSE
	EndGlobalSection
	GlobalSection(ExtensibilityGlobals) = postSolution
		SolutionGuid = {D8E21A02-4783-4C9F-848C-0A426190690F}
	EndGlobalSection
EndGlobal
